// !$*UTF8*$!
{
	archiveVersion = 1;
	classes = {
	};
	objectVersion = 46;
	objects = {

/* Begin PBXBuildFile section */
		455C99FB1A997A0600469BB8 /* AppDelegate.swift in Sources */ = {isa = PBXBuildFile; fileRef = 455C99FA1A997A0600469BB8 /* AppDelegate.swift */; };
		455C99FD1A997A0600469BB8 /* ViewController.swift in Sources */ = {isa = PBXBuildFile; fileRef = 455C99FC1A997A0600469BB8 /* ViewController.swift */; };
		455C9A001A997A0600469BB8 /* Main.storyboard in Resources */ = {isa = PBXBuildFile; fileRef = 455C99FE1A997A0600469BB8 /* Main.storyboard */; };
		455C9A021A997A0600469BB8 /* Images.xcassets in Resources */ = {isa = PBXBuildFile; fileRef = 455C9A011A997A0600469BB8 /* Images.xcassets */; };
		455C9A051A997A0600469BB8 /* LaunchScreen.xib in Resources */ = {isa = PBXBuildFile; fileRef = 455C9A031A997A0600469BB8 /* LaunchScreen.xib */; };
		455C9A111A997A0700469BB8 /* conwayTests.swift in Sources */ = {isa = PBXBuildFile; fileRef = 455C9A101A997A0700469BB8 /* conwayTests.swift */; };
		455C9A1B1A997C2F00469BB8 /* Cell.swift in Sources */ = {isa = PBXBuildFile; fileRef = 455C9A1A1A997C2F00469BB8 /* Cell.swift */; };
		455C9A1D1A997CC600469BB8 /* World.swift in Sources */ = {isa = PBXBuildFile; fileRef = 455C9A1C1A997CC600469BB8 /* World.swift */; };
		455C9A1F1A99801F00469BB8 /* Notes in Resources */ = {isa = PBXBuildFile; fileRef = 455C9A1E1A99801F00469BB8 /* Notes */; };
		4589DF5F1A9D5D74006CAF83 /* Grid.swift in Sources */ = {isa = PBXBuildFile; fileRef = 4589DF5E1A9D5D74006CAF83 /* Grid.swift */; };
		45D52A141ADEC79400AB4437 /* CellGridView.swift in Sources */ = {isa = PBXBuildFile; fileRef = 45D52A131ADEC79400AB4437 /* CellGridView.swift */; };
/* End PBXBuildFile section */

/* Begin PBXContainerItemProxy section */
		455C9A0B1A997A0700469BB8 /* PBXContainerItemProxy */ = {
			isa = PBXContainerItemProxy;
			containerPortal = 455C99ED1A997A0600469BB8 /* Project object */;
			proxyType = 1;
			remoteGlobalIDString = 455C99F41A997A0600469BB8;
			remoteInfo = conway;
		};
/* End PBXContainerItemProxy section */

/* Begin PBXFileReference section */
		455C99F51A997A0600469BB8 /* conway.app */ = {isa = PBXFileReference; explicitFileType = wrapper.application; includeInIndex = 0; path = conway.app; sourceTree = BUILT_PRODUCTS_DIR; };
		455C99F91A997A0600469BB8 /* Info.plist */ = {isa = PBXFileReference; lastKnownFileType = text.plist.xml; path = Info.plist; sourceTree = "<group>"; };
		455C99FA1A997A0600469BB8 /* AppDelegate.swift */ = {isa = PBXFileReference; lastKnownFileType = sourcecode.swift; path = AppDelegate.swift; sourceTree = "<group>"; };
		455C99FC1A997A0600469BB8 /* ViewController.swift */ = {isa = PBXFileReference; lastKnownFileType = sourcecode.swift; path = ViewController.swift; sourceTree = "<group>"; };
		455C99FF1A997A0600469BB8 /* Base */ = {isa = PBXFileReference; lastKnownFileType = file.storyboard; name = Base; path = Base.lproj/Main.storyboard; sourceTree = "<group>"; };
		455C9A011A997A0600469BB8 /* Images.xcassets */ = {isa = PBXFileReference; lastKnownFileType = folder.assetcatalog; path = Images.xcassets; sourceTree = "<group>"; };
		455C9A041A997A0600469BB8 /* Base */ = {isa = PBXFileReference; lastKnownFileType = file.xib; name = Base; path = Base.lproj/LaunchScreen.xib; sourceTree = "<group>"; };
		455C9A0A1A997A0700469BB8 /* conwayTests.xctest */ = {isa = PBXFileReference; explicitFileType = wrapper.cfbundle; includeInIndex = 0; path = conwayTests.xctest; sourceTree = BUILT_PRODUCTS_DIR; };
		455C9A0F1A997A0700469BB8 /* Info.plist */ = {isa = PBXFileReference; lastKnownFileType = text.plist.xml; path = Info.plist; sourceTree = "<group>"; };
		455C9A101A997A0700469BB8 /* conwayTests.swift */ = {isa = PBXFileReference; lastKnownFileType = sourcecode.swift; path = conwayTests.swift; sourceTree = "<group>"; };
		455C9A1A1A997C2F00469BB8 /* Cell.swift */ = {isa = PBXFileReference; fileEncoding = 4; lastKnownFileType = sourcecode.swift; path = Cell.swift; sourceTree = "<group>"; };
		455C9A1C1A997CC600469BB8 /* World.swift */ = {isa = PBXFileReference; fileEncoding = 4; lastKnownFileType = sourcecode.swift; path = World.swift; sourceTree = "<group>"; };
		455C9A1E1A99801F00469BB8 /* Notes */ = {isa = PBXFileReference; fileEncoding = 4; lastKnownFileType = text; path = Notes; sourceTree = "<group>"; };
		4589DF5E1A9D5D74006CAF83 /* Grid.swift */ = {isa = PBXFileReference; fileEncoding = 4; lastKnownFileType = sourcecode.swift; path = Grid.swift; sourceTree = "<group>"; };
		45D52A131ADEC79400AB4437 /* CellGridView.swift */ = {isa = PBXFileReference; fileEncoding = 4; lastKnownFileType = sourcecode.swift; path = CellGridView.swift; sourceTree = "<group>"; };
/* End PBXFileReference section */

/* Begin PBXFrameworksBuildPhase section */
		455C99F21A997A0600469BB8 /* Frameworks */ = {
			isa = PBXFrameworksBuildPhase;
			buildActionMask = 2147483647;
			files = (
			);
			runOnlyForDeploymentPostprocessing = 0;
		};
		455C9A071A997A0700469BB8 /* Frameworks */ = {
			isa = PBXFrameworksBuildPhase;
			buildActionMask = 2147483647;
			files = (
			);
			runOnlyForDeploymentPostprocessing = 0;
		};
/* End PBXFrameworksBuildPhase section */

/* Begin PBXGroup section */
		455C99EC1A997A0600469BB8 = {
			isa = PBXGroup;
			children = (
				455C99F71A997A0600469BB8 /* conway */,
				455C9A0D1A997A0700469BB8 /* conwayTests */,
				455C99F61A997A0600469BB8 /* Products */,
			);
			sourceTree = "<group>";
		};
		455C99F61A997A0600469BB8 /* Products */ = {
			isa = PBXGroup;
			children = (
				455C99F51A997A0600469BB8 /* conway.app */,
				455C9A0A1A997A0700469BB8 /* conwayTests.xctest */,
			);
			name = Products;
			sourceTree = "<group>";
		};
		455C99F71A997A0600469BB8 /* conway */ = {
			isa = PBXGroup;
			children = (
				455C99FA1A997A0600469BB8 /* AppDelegate.swift */,
				455C99FC1A997A0600469BB8 /* ViewController.swift */,
				45D52A131ADEC79400AB4437 /* CellGridView.swift */,
				455C99FE1A997A0600469BB8 /* Main.storyboard */,
				455C9A011A997A0600469BB8 /* Images.xcassets */,
				455C9A031A997A0600469BB8 /* LaunchScreen.xib */,
				455C99F81A997A0600469BB8 /* Supporting Files */,
				455C9A1A1A997C2F00469BB8 /* Cell.swift */,
				455C9A1E1A99801F00469BB8 /* Notes */,
				455C9A1C1A997CC600469BB8 /* World.swift */,
				4589DF5E1A9D5D74006CAF83 /* Grid.swift */,
			);
			path = conway;
			sourceTree = "<group>";
		};
		455C99F81A997A0600469BB8 /* Supporting Files */ = {
			isa = PBXGroup;
			children = (
				455C99F91A997A0600469BB8 /* Info.plist */,
			);
			name = "Supporting Files";
			sourceTree = "<group>";
		};
		455C9A0D1A997A0700469BB8 /* conwayTests */ = {
			isa = PBXGroup;
			children = (
				455C9A101A997A0700469BB8 /* conwayTests.swift */,
				455C9A0E1A997A0700469BB8 /* Supporting Files */,
			);
			path = conwayTests;
			sourceTree = "<group>";
		};
		455C9A0E1A997A0700469BB8 /* Supporting Files */ = {
			isa = PBXGroup;
			children = (
				455C9A0F1A997A0700469BB8 /* Info.plist */,
			);
			name = "Supporting Files";
			sourceTree = "<group>";
		};
/* End PBXGroup section */

/* Begin PBXNativeTarget section */
		455C99F41A997A0600469BB8 /* conway */ = {
			isa = PBXNativeTarget;
			buildConfigurationList = 455C9A141A997A0700469BB8 /* Build configuration list for PBXNativeTarget "conway" */;
			buildPhases = (
				455C99F11A997A0600469BB8 /* Sources */,
				455C99F21A997A0600469BB8 /* Frameworks */,
				455C99F31A997A0600469BB8 /* Resources */,
			);
			buildRules = (
			);
			dependencies = (
			);
			name = conway;
			productName = conway;
			productReference = 455C99F51A997A0600469BB8 /* conway.app */;
			productType = "com.apple.product-type.application";
		};
		455C9A091A997A0700469BB8 /* conwayTests */ = {
			isa = PBXNativeTarget;
			buildConfigurationList = 455C9A171A997A0700469BB8 /* Build configuration list for PBXNativeTarget "conwayTests" */;
			buildPhases = (
				455C9A061A997A0700469BB8 /* Sources */,
				455C9A071A997A0700469BB8 /* Frameworks */,
				455C9A081A997A0700469BB8 /* Resources */,
			);
			buildRules = (
			);
			dependencies = (
				455C9A0C1A997A0700469BB8 /* PBXTargetDependency */,
			);
			name = conwayTests;
			productName = conwayTests;
			productReference = 455C9A0A1A997A0700469BB8 /* conwayTests.xctest */;
			productType = "com.apple.product-type.bundle.unit-test";
		};
/* End PBXNativeTarget section */

/* Begin PBXProject section */
		455C99ED1A997A0600469BB8 /* Project object */ = {
			isa = PBXProject;
			attributes = {
				LastUpgradeCheck = 0630;
				ORGANIZATIONNAME = "James Scott";
				TargetAttributes = {
					455C99F41A997A0600469BB8 = {
						CreatedOnToolsVersion = 6.3;
						DevelopmentTeam = L4X2N27WC7;
					};
					455C9A091A997A0700469BB8 = {
						CreatedOnToolsVersion = 6.3;
						DevelopmentTeam = L4X2N27WC7;
						TestTargetID = 455C99F41A997A0600469BB8;
					};
				};
			};
			buildConfigurationList = 455C99F01A997A0600469BB8 /* Build configuration list for PBXProject "conway" */;
			compatibilityVersion = "Xcode 3.2";
			developmentRegion = English;
			hasScannedForEncodings = 0;
			knownRegions = (
				en,
				Base,
			);
			mainGroup = 455C99EC1A997A0600469BB8;
			productRefGroup = 455C99F61A997A0600469BB8 /* Products */;
			projectDirPath = "";
			projectRoot = "";
			targets = (
				455C99F41A997A0600469BB8 /* conway */,
				455C9A091A997A0700469BB8 /* conwayTests */,
			);
		};
/* End PBXProject section */

/* Begin PBXResourcesBuildPhase section */
		455C99F31A997A0600469BB8 /* Resources */ = {
			isa = PBXResourcesBuildPhase;
			buildActionMask = 2147483647;
			files = (
				455C9A001A997A0600469BB8 /* Main.storyboard in Resources */,
				455C9A051A997A0600469BB8 /* LaunchScreen.xib in Resources */,
				455C9A1F1A99801F00469BB8 /* Notes in Resources */,
				455C9A021A997A0600469BB8 /* Images.xcassets in Resources */,
			);
			runOnlyForDeploymentPostprocessing = 0;
		};
		455C9A081A997A0700469BB8 /* Resources */ = {
			isa = PBXResourcesBuildPhase;
			buildActionMask = 2147483647;
			files = (
			);
			runOnlyForDeploymentPostprocessing = 0;
		};
/* End PBXResourcesBuildPhase section */

/* Begin PBXSourcesBuildPhase section */
		455C99F11A997A0600469BB8 /* Sources */ = {
			isa = PBXSourcesBuildPhase;
			buildActionMask = 2147483647;
			files = (
				455C99FD1A997A0600469BB8 /* ViewController.swift in Sources */,
				455C99FB1A997A0600469BB8 /* AppDelegate.swift in Sources */,
				45D52A141ADEC79400AB4437 /* CellGridView.swift in Sources */,
				455C9A1D1A997CC600469BB8 /* World.swift in Sources */,
				4589DF5F1A9D5D74006CAF83 /* Grid.swift in Sources */,
				455C9A1B1A997C2F00469BB8 /* Cell.swift in Sources */,
			);
			runOnlyForDeploymentPostprocessing = 0;
		};
		455C9A061A997A0700469BB8 /* Sources */ = {
			isa = PBXSourcesBuildPhase;
			buildActionMask = 2147483647;
			files = (
				455C9A111A997A0700469BB8 /* conwayTests.swift in Sources */,
			);
			runOnlyForDeploymentPostprocessing = 0;
		};
/* End PBXSourcesBuildPhase section */

/* Begin PBXTargetDependency section */
		455C9A0C1A997A0700469BB8 /* PBXTargetDependency */ = {
			isa = PBXTargetDependency;
			target = 455C99F41A997A0600469BB8 /* conway */;
			targetProxy = 455C9A0B1A997A0700469BB8 /* PBXContainerItemProxy */;
		};
/* End PBXTargetDependency section */

/* Begin PBXVariantGroup section */
		455C99FE1A997A0600469BB8 /* Main.storyboard */ = {
			isa = PBXVariantGroup;
			children = (
				455C99FF1A997A0600469BB8 /* Base */,
			);
			name = Main.storyboard;
			sourceTree = "<group>";
		};
		455C9A031A997A0600469BB8 /* LaunchScreen.xib */ = {
			isa = PBXVariantGroup;
			children = (
				455C9A041A997A0600469BB8 /* Base */,
			);
			name = LaunchScreen.xib;
			sourceTree = "<group>";
		};
/* End PBXVariantGroup section */

/* Begin XCBuildConfiguration section */
		455C9A121A997A0700469BB8 /* Debug */ = {
			isa = XCBuildConfiguration;
			buildSettings = {
				ALWAYS_SEARCH_USER_PATHS = NO;
				CLANG_CXX_LANGUAGE_STANDARD = "gnu++0x";
				CLANG_CXX_LIBRARY = "libc++";
				CLANG_ENABLE_MODULES = YES;
				CLANG_ENABLE_OBJC_ARC = YES;
				CLANG_WARN_BOOL_CONVERSION = YES;
				CLANG_WARN_CONSTANT_CONVERSION = YES;
				CLANG_WARN_DIRECT_OBJC_ISA_USAGE = YES_ERROR;
				CLANG_WARN_EMPTY_BODY = YES;
				CLANG_WARN_ENUM_CONVERSION = YES;
				CLANG_WARN_INT_CONVERSION = YES;
				CLANG_WARN_OBJC_ROOT_CLASS = YES_ERROR;
				CLANG_WARN_UNREACHABLE_CODE = YES;
				CLANG_WARN__DUPLICATE_METHOD_MATCH = YES;
				"CODE_SIGN_IDENTITY[sdk=iphoneos*]" = "iPhone Developer";
				COPY_PHASE_STRIP = NO;
				DEBUG_INFORMATION_FORMAT = dwarf;
				ENABLE_STRICT_OBJC_MSGSEND = YES;
				GCC_C_LANGUAGE_STANDARD = gnu99;
				GCC_DYNAMIC_NO_PIC = NO;
				GCC_OPTIMIZATION_LEVEL = 0;
				GCC_PREPROCESSOR_DEFINITIONS = (
					"DEBUG=1",
					"$(inherited)",
				);
				GCC_SYMBOLS_PRIVATE_EXTERN = NO;
				GCC_WARN_64_TO_32_BIT_CONVERSION = YES;
				GCC_WARN_ABOUT_RETURN_TYPE = YES_ERROR;
				GCC_WARN_UNDECLARED_SELECTOR = YES;
				GCC_WARN_UNINITIALIZED_AUTOS = YES_AGGRESSIVE;
				GCC_WARN_UNUSED_FUNCTION = YES;
				GCC_WARN_UNUSED_VARIABLE = YES;
				IPHONEOS_DEPLOYMENT_TARGET = 8.3;
				MTL_ENABLE_DEBUG_INFO = YES;
				ONLY_ACTIVE_ARCH = YES;
				SDKROOT = iphoneos;
				SWIFT_OPTIMIZATION_LEVEL = "-Onone";
				TARGETED_DEVICE_FAMILY = "1,2";
			};
			name = Debug;
		};
		455C9A131A997A0700469BB8 /* Release */ = {
			isa = XCBuildConfiguration;
			buildSettings = {
				ALWAYS_SEARCH_USER_PATHS = NO;
				CLANG_CXX_LANGUAGE_STANDARD = "gnu++0x";
				CLANG_CXX_LIBRARY = "libc++";
				CLANG_ENABLE_MODULES = YES;
				CLANG_ENABLE_OBJC_ARC = YES;
				CLANG_WARN_BOOL_CONVERSION = YES;
				CLANG_WARN_CONSTANT_CONVERSION = YES;
				CLANG_WARN_DIRECT_OBJC_ISA_USAGE = YES_ERROR;
				CLANG_WARN_EMPTY_BODY = YES;
				CLANG_WARN_ENUM_CONVERSION = YES;
				CLANG_WARN_INT_CONVERSION = YES;
				CLANG_WARN_OBJC_ROOT_CLASS = YES_ERROR;
				CLANG_WARN_UNREACHABLE_CODE = YES;
				CLANG_WARN__DUPLICATE_METHOD_MATCH = YES;
				"CODE_SIGN_IDENTITY[sdk=iphoneos*]" = "iPhone Developer";
				COPY_PHASE_STRIP = NO;
				DEBUG_INFORMATION_FORMAT = "dwarf-with-dsym";
				ENABLE_NS_ASSERTIONS = NO;
				ENABLE_STRICT_OBJC_MSGSEND = YES;
				GCC_C_LANGUAGE_STANDARD = gnu99;
				GCC_WARN_64_TO_32_BIT_CONVERSION = YES;
				GCC_WARN_ABOUT_RETURN_TYPE = YES_ERROR;
				GCC_WARN_UNDECLARED_SELECTOR = YES;
				GCC_WARN_UNINITIALIZED_AUTOS = YES_AGGRESSIVE;
				GCC_WARN_UNUSED_FUNCTION = YES;
				GCC_WARN_UNUSED_VARIABLE = YES;
				IPHONEOS_DEPLOYMENT_TARGET = 8.3;
				MTL_ENABLE_DEBUG_INFO = NO;
				SDKROOT = iphoneos;
				TARGETED_DEVICE_FAMILY = "1,2";
				VALIDATE_PRODUCT = YES;
			};
			name = Release;
		};
		455C9A151A997A0700469BB8 /* Debug */ = {
			isa = XCBuildConfiguration;
			buildSettings = {
				ASSETCATALOG_COMPILER_APPICON_NAME = AppIcon;
				INFOPLIST_FILE = conway/Info.plist;
				LD_RUNPATH_SEARCH_PATHS = "$(inherited) @executable_path/Frameworks";
				PRODUCT_NAME = "$(TARGET_NAME)";
			};
			name = Debug;
		};
		455C9A161A997A0700469BB8 /* Release */ = {
			isa = XCBuildConfiguration;
			buildSettings = {
				ASSETCATALOG_COMPILER_APPICON_NAME = AppIcon;
				INFOPLIST_FILE = conway/Info.plist;
				LD_RUNPATH_SEARCH_PATHS = "$(inherited) @executable_path/Frameworks";
				PRODUCT_NAME = "$(TARGET_NAME)";
			};
			name = Release;
		};
		455C9A181A997A0700469BB8 /* Debug */ = {
			isa = XCBuildConfiguration;
			buildSettings = {
				BUNDLE_LOADER = "$(TEST_HOST)";
				CODE_SIGN_IDENTITY = "iPhone Developer";
				"CODE_SIGN_IDENTITY[sdk=iphoneos*]" = "iPhone Developer";
				FRAMEWORK_SEARCH_PATHS = (
					"$(SDKROOT)/Developer/Library/Frameworks",
					"$(inherited)",
				);
				GCC_PREPROCESSOR_DEFINITIONS = (
					"DEBUG=1",
					"$(inherited)",
				);
				INFOPLIST_FILE = conwayTests/Info.plist;
				LD_RUNPATH_SEARCH_PATHS = "$(inherited) @executable_path/Frameworks @loader_path/Frameworks";
				PRODUCT_NAME = "$(TARGET_NAME)";
				PROVISIONING_PROFILE = "";
				TEST_HOST = "$(BUILT_PRODUCTS_DIR)/conway.app/conway";
			};
			name = Debug;
		};
		455C9A191A997A0700469BB8 /* Release */ = {
			isa = XCBuildConfiguration;
			buildSettings = {
				BUNDLE_LOADER = "$(TEST_HOST)";
				CODE_SIGN_IDENTITY = "iPhone Developer";
				"CODE_SIGN_IDENTITY[sdk=iphoneos*]" = "iPhone Developer";
				FRAMEWORK_SEARCH_PATHS = (
					"$(SDKROOT)/Developer/Library/Frameworks",
					"$(inherited)",
				);
				INFOPLIST_FILE = conwayTests/Info.plist;
				LD_RUNPATH_SEARCH_PATHS = "$(inherited) @executable_path/Frameworks @loader_path/Frameworks";
				PRODUCT_NAME = "$(TARGET_NAME)";
				PROVISIONING_PROFILE = "";
				TEST_HOST = "$(BUILT_PRODUCTS_DIR)/conway.app/conway";
			};
			name = Release;
		};
/* End XCBuildConfiguration section */

/* Begin XCConfigurationList section */
		455C99F01A997A0600469BB8 /* Build configuration list for PBXProject "conway" */ = {
			isa = XCConfigurationList;
			buildConfigurations = (
				455C9A121A997A0700469BB8 /* Debug */,
				455C9A131A997A0700469BB8 /* Release */,
			);
			defaultConfigurationIsVisible = 0;
			defaultConfigurationName = Release;
		};
		455C9A141A997A0700469BB8 /* Build configuration list for PBXNativeTarget "conway" */ = {
			isa = XCConfigurationList;
			buildConfigurations = (
				455C9A151A997A0700469BB8 /* Debug */,
				455C9A161A997A0700469BB8 /* Release */,
			);
			defaultConfigurationIsVisible = 0;
			defaultConfigurationName = Release;
		};
		455C9A171A997A0700469BB8 /* Build configuration list for PBXNativeTarget "conwayTests" */ = {
			isa = XCConfigurationList;
			buildConfigurations = (
				455C9A181A997A0700469BB8 /* Debug */,
				455C9A191A997A0700469BB8 /* Release */,
			);
			defaultConfigurationIsVisible = 0;
			defaultConfigurationName = Release;
		};
/* End XCConfigurationList section */
	};
	rootObject = 455C99ED1A997A0600469BB8 /* Project object */;
}
